
Microsoft Visual Studio Solution File, Format Version 12.00
# Visual Studio 14
VisualStudioVersion = 14.0.23107.0
MinimumVisualStudioVersion = 10.0.40219.1
Project("{FAE04EC0-301F-11D3-BF4B-00C04F79EFBC}") = "OwinKatanaSample", "OwinKatanaSample\OwinKatanaSample.csproj", "{838B91AF-18B7-4F67-B3A4-D8A783DBA0EC}"
EndProject
Project("{FAE04EC0-301F-11D3-BF4B-00C04F79EFBC}") = "KatanaHost", "KatanaHost\KatanaHost.csproj", "{B057E582-D731-4794-83D1-918B5BC9F892}"
EndProject
Global
	GlobalSection(SolutionConfigurationPlatforms) = preSolution
		Debug|Any CPU = Debug|Any CPU
		Release|Any CPU = Release|Any CPU
	EndGlobalSection
	GlobalSection(ProjectConfigurationPlatforms) = postSolution
		{838B91AF-18B7-4F67-B3A4-D8A783DBA0EC}.Debug|Any CPU.ActiveCfg = Debug|Any CPU
		{838B91AF-18B7-4F67-B3A4-D8A783DBA0EC}.Debug|Any CPU.Build.0 = Debug|Any CPU
		{838B91AF-18B7-4F67-B3A4-D8A783DBA0EC}.Release|Any CPU.ActiveCfg = Release|Any CPU
		{838B91AF-18B7-4F67-B3A4-D8A783DBA0EC}.Release|Any CPU.Build.0 = Release|Any CPU
		{B057E582-D731-4794-83D1-918B5BC9F892}.Debug|Any CPU.ActiveCfg = Debug|Any CPU
		{B057E582-D731-4794-83D1-918B5BC9F892}.Debug|Any CPU.Build.0 = Debug|Any CPU
		{B057E582-D731-4794-83D1-918B5BC9F892}.Release|Any CPU.ActiveCfg = Release|Any CPU
		{B057E582-D731-4794-83D1-918B5BC9F892}.Release|Any CPU.Build.0 = Release|Any CPU
	EndGlobalSection
	GlobalSection(SolutionProperties) = preSolution
		HideSolutionNode = FALSE
	EndGlobalSection
EndGlobal
